// !$*UTF8*$!
{
	archiveVersion = 1;
	classes = {
	};
	objectVersion = 50;
	objects = {

/* Begin PBXBuildFile section */
		8D8FDA2C257E6CA900CE2DEE /* AppDelegate.swift in Sources */ = {isa = PBXBuildFile; fileRef = 8D8FDA2B257E6CA900CE2DEE /* AppDelegate.swift */; };
		8D8FDA2E257E6CA900CE2DEE /* SceneDelegate.swift in Sources */ = {isa = PBXBuildFile; fileRef = 8D8FDA2D257E6CA900CE2DEE /* SceneDelegate.swift */; };
		8D8FDA30257E6CA900CE2DEE /* ViewController.swift in Sources */ = {isa = PBXBuildFile; fileRef = 8D8FDA2F257E6CA900CE2DEE /* ViewController.swift */; };
		8D8FDA33257E6CA900CE2DEE /* Main.storyboard in Resources */ = {isa = PBXBuildFile; fileRef = 8D8FDA31257E6CA900CE2DEE /* Main.storyboard */; };
		8D8FDA35257E6CAC00CE2DEE /* Assets.xcassets in Resources */ = {isa = PBXBuildFile; fileRef = 8D8FDA34257E6CAC00CE2DEE /* Assets.xcassets */; };
		8D8FDA38257E6CAC00CE2DEE /* LaunchScreen.storyboard in Resources */ = {isa = PBXBuildFile; fileRef = 8D8FDA36257E6CAC00CE2DEE /* LaunchScreen.storyboard */; };
/* End PBXBuildFile section */

/* Begin PBXFileReference section */
		8D8FDA28257E6CA900CE2DEE /* The Light.app */ = {isa = PBXFileReference; explicitFileType = wrapper.application; includeInIndex = 0; path = "The Light.app"; sourceTree = BUILT_PRODUCTS_DIR; };
		8D8FDA2B257E6CA900CE2DEE /* AppDelegate.swift */ = {isa = PBXFileReference; lastKnownFileType = sourcecode.swift; path = AppDelegate.swift; sourceTree = "<group>"; };
		8D8FDA2D257E6CA900CE2DEE /* SceneDelegate.swift */ = {isa = PBXFileReference; lastKnownFileType = sourcecode.swift; path = SceneDelegate.swift; sourceTree = "<group>"; };
		8D8FDA2F257E6CA900CE2DEE /* ViewController.swift */ = {isa = PBXFileReference; lastKnownFileType = sourcecode.swift; path = ViewController.swift; sourceTree = "<group>"; };
		8D8FDA32257E6CA900CE2DEE /* Base */ = {isa = PBXFileReference; lastKnownFileType = file.storyboard; name = Base; path = Base.lproj/Main.storyboard; sourceTree = "<group>"; };
		8D8FDA34257E6CAC00CE2DEE /* Assets.xcassets */ = {isa = PBXFileReference; lastKnownFileType = folder.assetcatalog; path = Assets.xcassets; sourceTree = "<group>"; };
		8D8FDA37257E6CAC00CE2DEE /* Base */ = {isa = PBXFileReference; lastKnownFileType = file.storyboard; name = Base; path = Base.lproj/LaunchScreen.storyboard; sourceTree = "<group>"; };
		8D8FDA39257E6CAC00CE2DEE /* Info.plist */ = {isa = PBXFileReference; lastKnownFileType = text.plist.xml; path = Info.plist; sourceTree = "<group>"; };
/* End PBXFileReference section */

/* Begin PBXFrameworksBuildPhase section */
		8D8FDA25257E6CA900CE2DEE /* Frameworks */ = {
			isa = PBXFrameworksBuildPhase;
			buildActionMask = 2147483647;
			files = (
			);
			runOnlyForDeploymentPostprocessing = 0;
		};
/* End PBXFrameworksBuildPhase section */

/* Begin PBXGroup section */
		8D8FDA1F257E6CA900CE2DEE = {
			isa = PBXGroup;
			children = (
				8D8FDA2A257E6CA900CE2DEE /* The Light */,
				8D8FDA29257E6CA900CE2DEE /* Products */,
			);
			sourceTree = "<group>";
		};
		8D8FDA29257E6CA900CE2DEE /* Products */ = {
			isa = PBXGroup;
			children = (
				8D8FDA28257E6CA900CE2DEE /* The Light.app */,
			);
			name = Products;
			sourceTree = "<group>";
		};
		8D8FDA2A257E6CA900CE2DEE /* The Light */ = {
			isa = PBXGroup;
			children = (
				8D8FDA2B257E6CA900CE2DEE /* AppDelegate.swift */,
				8D8FDA2D257E6CA900CE2DEE /* SceneDelegate.swift */,
				8D8FDA2F257E6CA900CE2DEE /* ViewController.swift */,
				8D8FDA31257E6CA900CE2DEE /* Main.storyboard */,
				8D8FDA34257E6CAC00CE2DEE /* Assets.xcassets */,
				8D8FDA36257E6CAC00CE2DEE /* LaunchScreen.storyboard */,
				8D8FDA39257E6CAC00CE2DEE /* Info.plist */,
			);
			path = "The Light";
			sourceTree = "<group>";
		};
/* End PBXGroup section */

/* Begin PBXNativeTarget section */
		8D8FDA27257E6CA900CE2DEE /* The Light */ = {
			isa = PBXNativeTarget;
			buildConfigurationList = 8D8FDA3C257E6CAC00CE2DEE /* Build configuration list for PBXNativeTarget "The Light" */;
			buildPhases = (
				8D8FDA24257E6CA900CE2DEE /* Sources */,
				8D8FDA25257E6CA900CE2DEE /* Frameworks */,
				8D8FDA26257E6CA900CE2DEE /* Resources */,
			);
			buildRules = (
			);
			dependencies = (
			);
			name = "The Light";
			productName = "The Light";
			productReference = 8D8FDA28257E6CA900CE2DEE /* The Light.app */;
			productType = "com.apple.product-type.application";
		};
/* End PBXNativeTarget section */

/* Begin PBXProject section */
		8D8FDA20257E6CA900CE2DEE /* Project object */ = {
			isa = PBXProject;
			attributes = {
				LastSwiftUpdateCheck = 1220;
				LastUpgradeCheck = 1220;
				TargetAttributes = {
					8D8FDA27257E6CA900CE2DEE = {
						CreatedOnToolsVersion = 12.2;
					};
				};
			};
			buildConfigurationList = 8D8FDA23257E6CA900CE2DEE /* Build configuration list for PBXProject "The Light" */;
			compatibilityVersion = "Xcode 9.3";
			developmentRegion = en;
			hasScannedForEncodings = 0;
			knownRegions = (
				en,
				Base,
			);
			mainGroup = 8D8FDA1F257E6CA900CE2DEE;
			productRefGroup = 8D8FDA29257E6CA900CE2DEE /* Products */;
			projectDirPath = "";
			projectRoot = "";
			targets = (
				8D8FDA27257E6CA900CE2DEE /* The Light */,
			);
		};
/* End PBXProject section */

/* Begin PBXResourcesBuildPhase section */
		8D8FDA26257E6CA900CE2DEE /* Resources */ = {
			isa = PBXResourcesBuildPhase;
			buildActionMask = 2147483647;
			files = (
				8D8FDA38257E6CAC00CE2DEE /* LaunchScreen.storyboard in Resources */,
				8D8FDA35257E6CAC00CE2DEE /* Assets.xcassets in Resources */,
				8D8FDA33257E6CA900CE2DEE /* Main.storyboard in Resources */,
			);
			runOnlyForDeploymentPostprocessing = 0;
		};
/* End PBXResourcesBuildPhase section */

/* Begin PBXSourcesBuildPhase section */
		8D8FDA24257E6CA900CE2DEE /* Sources */ = {
			isa = PBXSourcesBuildPhase;
			buildActionMask = 2147483647;
			files = (
				8D8FDA30257E6CA900CE2DEE /* ViewController.swift in Sources */,
				8D8FDA2C257E6CA900CE2DEE /* AppDelegate.swift in Sources */,
				8D8FDA2E257E6CA900CE2DEE /* SceneDelegate.swift in Sources */,
			);
			runOnlyForDeploymentPostprocessing = 0;
		};
/* End PBXSourcesBuildPhase section */

/* Begin PBXVariantGroup section */
		8D8FDA31257E6CA900CE2DEE /* Main.storyboard */ = {
			isa = PBXVariantGroup;
			children = (
				8D8FDA32257E6CA900CE2DEE /* Base */,
			);
			name = Main.storyboard;
			sourceTree = "<group>";
		};
		8D8FDA36257E6CAC00CE2DEE /* LaunchScreen.storyboard */ = {
			isa = PBXVariantGroup;
			children = (
				8D8FDA37257E6CAC00CE2DEE /* Base */,
			);
			name = LaunchScreen.storyboard;
			sourceTree = "<group>";
		};
/* End PBXVariantGroup section */

/* Begin XCBuildConfiguration section */
		8D8FDA3A257E6CAC00CE2DEE /* Debug */ = {
			isa = XCBuildConfiguration;
			buildSettings = {
				ALWAYS_SEARCH_USER_PATHS = NO;
				CLANG_ANALYZER_NONNULL = YES;
				CLANG_ANALYZER_NUMBER_OBJECT_CONVERSION = YES_AGGRESSIVE;
				CLANG_CXX_LANGUAGE_STANDARD = "gnu++14";
				CLANG_CXX_LIBRARY = "libc++";
				CLANG_ENABLE_MODULES = YES;
				CLANG_ENABLE_OBJC_ARC = YES;
				CLANG_ENABLE_OBJC_WEAK = YES;
				CLANG_WARN_BLOCK_CAPTURE_AUTORELEASING = YES;
				CLANG_WARN_BOOL_CONVERSION = YES;
				CLANG_WARN_COMMA = YES;
				CLANG_WARN_CONSTANT_CONVERSION = YES;
				CLANG_WARN_DEPRECATED_OBJC_IMPLEMENTATIONS = YES;
				CLANG_WARN_DIRECT_OBJC_ISA_USAGE = YES_ERROR;
				CLANG_WARN_DOCUMENTATION_COMMENTS = YES;
				CLANG_WARN_EMPTY_BODY = YES;
				CLANG_WARN_ENUM_CONVERSION = YES;
				CLANG_WARN_INFINITE_RECURSION = YES;
				CLANG_WARN_INT_CONVERSION = YES;
				CLANG_WARN_NON_LITERAL_NULL_CONVERSION = YES;
				CLANG_WARN_OBJC_IMPLICIT_RETAIN_SELF = YES;
				CLANG_WARN_OBJC_LITERAL_CONVERSION = YES;
				CLANG_WARN_OBJC_ROOT_CLASS = YES_ERROR;
				CLANG_WARN_QUOTED_INCLUDE_IN_FRAMEWORK_HEADER = YES;
				CLANG_WARN_RANGE_LOOP_ANALYSIS = YES;
				CLANG_WARN_STRICT_PROTOTYPES = YES;
				CLANG_WARN_SUSPICIOUS_MOVE = YES;
				CLANG_WARN_UNGUARDED_AVAILABILITY = YES_AGGRESSIVE;
				CLANG_WARN_UNREACHABLE_CODE = YES;
				CLANG_WARN__DUPLICATE_METHOD_MATCH = YES;
				COPY_PHASE_STRIP = NO;
				DEBUG_INFORMATION_FORMAT = dwarf;
				ENABLE_STRICT_OBJC_MSGSEND = YES;
				ENABLE_TESTABILITY = YES;
				GCC_C_LANGUAGE_STANDARD = gnu11;
				GCC_DYNAMIC_NO_PIC = NO;
				GCC_NO_COMMON_BLOCKS = YES;
				GCC_OPTIMIZATION_LEVEL = 0;
				GCC_PREPROCESSOR_DEFINITIONS = (
					"DEBUG=1",
					"$(inherited)",
				);
				GCC_WARN_64_TO_32_BIT_CONVERSION = YES;
				GCC_WARN_ABOUT_RETURN_TYPE = YES_ERROR;
				GCC_WARN_UNDECLARED_SELECTOR = YES;
				GCC_WARN_UNINITIALIZED_AUTOS = YES_AGGRESSIVE;
				GCC_WARN_UNUSED_FUNCTION = YES;
				GCC_WARN_UNUSED_VARIABLE = YES;
				IPHONEOS_DEPLOYMENT_TARGET = 14.2;
				MTL_ENABLE_DEBUG_INFO = INCLUDE_SOURCE;
				MTL_FAST_MATH = YES;
				ONLY_ACTIVE_ARCH = YES;
				SDKROOT = iphoneos;
				SWIFT_ACTIVE_COMPILATION_CONDITIONS = DEBUG;
				SWIFT_OPTIMIZATION_LEVEL = "-Onone";
			};
			name = Debug;
		};
		8D8FDA3B257E6CAC00CE2DEE /* Release */ = {
			isa = XCBuildConfiguration;
			buildSettings = {
				ALWAYS_SEARCH_USER_PATHS = NO;
				CLANG_ANALYZER_NONNULL = YES;
				CLANG_ANALYZER_NUMBER_OBJECT_CONVERSION = YES_AGGRESSIVE;
				CLANG_CXX_LANGUAGE_STANDARD = "gnu++14";
				CLANG_CXX_LIBRARY = "libc++";
				CLANG_ENABLE_MODULES = YES;
				CLANG_ENABLE_OBJC_ARC = YES;
				CLANG_ENABLE_OBJC_WEAK = YES;
				CLANG_WARN_BLOCK_CAPTURE_AUTORELEASING = YES;
				CLANG_WARN_BOOL_CONVERSION = YES;
				CLANG_WARN_COMMA = YES;
				CLANG_WARN_CONSTANT_CONVERSION = YES;
				CLANG_WARN_DEPRECATED_OBJC_IMPLEMENTATIONS = YES;
				CLANG_WARN_DIRECT_OBJC_ISA_USAGE = YES_ERROR;
				CLANG_WARN_DOCUMENTATION_COMMENTS = YES;
				CLANG_WARN_EMPTY_BODY = YES;
				CLANG_WARN_ENUM_CONVERSION = YES;
				CLANG_WARN_INFINITE_RECURSION = YES;
				CLANG_WARN_INT_CONVERSION = YES;
				CLANG_WARN_NON_LITERAL_NULL_CONVERSION = YES;
				CLANG_WARN_OBJC_IMPLICIT_RETAIN_SELF = YES;
				CLANG_WARN_OBJC_LITERAL_CONVERSION = YES;
				CLANG_WARN_OBJC_ROOT_CLASS = YES_ERROR;
				CLANG_WARN_QUOTED_INCLUDE_IN_FRAMEWORK_HEADER = YES;
				CLANG_WARN_RANGE_LOOP_ANALYSIS = YES;
				CLANG_WARN_STRICT_PROTOTYPES = YES;
				CLANG_WARN_SUSPICIOUS_MOVE = YES;
				CLANG_WARN_UNGUARDED_AVAILABILITY = YES_AGGRESSIVE;
				CLANG_WARN_UNREACHABLE_CODE = YES;
				CLANG_WARN__DUPLICATE_METHOD_MATCH = YES;
				COPY_PHASE_STRIP = NO;
				DEBUG_INFORMATION_FORMAT = "dwarf-with-dsym";
				ENABLE_NS_ASSERTIONS = NO;
				ENABLE_STRICT_OBJC_MSGSEND = YES;
				GCC_C_LANGUAGE_STANDARD = gnu11;
				GCC_NO_COMMON_BLOCKS = YES;
				GCC_WARN_64_TO_32_BIT_CONVERSION = YES;
				GCC_WARN_ABOUT_RETURN_TYPE = YES_ERROR;
				GCC_WARN_UNDECLARED_SELECTOR = YES;
				GCC_WARN_UNINITIALIZED_AUTOS = YES_AGGRESSIVE;
				GCC_WARN_UNUSED_FUNCTION = YES;
				GCC_WARN_UNUSED_VARIABLE = YES;
				IPHONEOS_DEPLOYMENT_TARGET = 14.2;
				MTL_ENABLE_DEBUG_INFO = NO;
				MTL_FAST_MATH = YES;
				SDKROOT = iphoneos;
				SWIFT_COMPILATION_MODE = wholemodule;
				SWIFT_OPTIMIZATION_LEVEL = "-O";
				VALIDATE_PRODUCT = YES;
			};
			name = Release;
		};
		8D8FDA3D257E6CAC00CE2DEE /* Debug */ = {
			isa = XCBuildConfiguration;
			buildSettings = {
				ASSETCATALOG_COMPILER_APPICON_NAME = AppIcon;
				ASSETCATALOG_COMPILER_GLOBAL_ACCENT_COLOR_NAME = AccentColor;
				CODE_SIGN_STYLE = Automatic;
				DEVELOPMENT_TEAM = Y6BN947RL3;
				INFOPLIST_FILE = "The Light/Info.plist";
				LD_RUNPATH_SEARCH_PATHS = (
					"$(inherited)",
					"@executable_path/Frameworks",
				);
				PRODUCT_BUNDLE_IDENTIFIER = "Loginov.The-Light";
				PRODUCT_NAME = "$(TARGET_NAME)";
				SWIFT_VERSION = 5.0;
				TARGETED_DEVICE_FAMILY = "1,2";
			};
			name = Debug;
		};
		8D8FDA3E257E6CAC00CE2DEE /* Release */ = {
			isa = XCBuildConfiguration;
			buildSettings = {
				ASSETCATALOG_COMPILER_APPICON_NAME = AppIcon;
				ASSETCATALOG_COMPILER_GLOBAL_ACCENT_COLOR_NAME = AccentColor;
				CODE_SIGN_STYLE = Automatic;
				DEVELOPMENT_TEAM = Y6BN947RL3;
				INFOPLIST_FILE = "The Light/Info.plist";
				LD_RUNPATH_SEARCH_PATHS = (
					"$(inherited)",
					"@executable_path/Frameworks",
				);
				PRODUCT_BUNDLE_IDENTIFIER = "Loginov.The-Light";
				PRODUCT_NAME = "$(TARGET_NAME)";
				SWIFT_VERSION = 5.0;
				TARGETED_DEVICE_FAMILY = "1,2";
			};
			name = Release;
		};
/* End XCBuildConfiguration section */

/* Begin XCConfigurationList section */
		8D8FDA23257E6CA900CE2DEE /* Build configuration list for PBXProject "The Light" */ = {
			isa = XCConfigurationList;
			buildConfigurations = (
				8D8FDA3A257E6CAC00CE2DEE /* Debug */,
				8D8FDA3B257E6CAC00CE2DEE /* Release */,
			);
			defaultConfigurationIsVisible = 0;
			defaultConfigurationName = Release;
		};
		8D8FDA3C257E6CAC00CE2DEE /* Build configuration list for PBXNativeTarget "The Light" */ = {
			isa = XCConfigurationList;
			buildConfigurations = (
				8D8FDA3D257E6CAC00CE2DEE /* Debug */,
				8D8FDA3E257E6CAC00CE2DEE /* Release */,
			);
			defaultConfigurationIsVisible = 0;
			defaultConfigurationName = Release;
		};
/* End XCConfigurationList section */
	};
	rootObject = 8D8FDA20257E6CA900CE2DEE /* Project object */;
}
